// !$*UTF8*$!
{
	archiveVersion = 1;
	classes = {
	};
	objectVersion = 51;
	objects = {

/* Begin PBXBuildFile section */
		016ADDF227D1AA7300D13A10 /* AppBar.swift in Sources */ = {isa = PBXBuildFile; fileRef = 016ADDF127D1AA7300D13A10 /* AppBar.swift */; };
		016ADDF427D1AA8600D13A10 /* BaseView.swift in Sources */ = {isa = PBXBuildFile; fileRef = 016ADDF327D1AA8600D13A10 /* BaseView.swift */; };
		01F7C53327CFBE61001FFBF7 /* BaseViewController.swift in Sources */ = {isa = PBXBuildFile; fileRef = 01F7C53227CFBE61001FFBF7 /* BaseViewController.swift */; };
		01F7C53527CFC280001FFBF7 /* BaseCollectionViewCell.swift in Sources */ = {isa = PBXBuildFile; fileRef = 01F7C53427CFC280001FFBF7 /* BaseCollectionViewCell.swift */; };
		12D03B38494DC9C50BD7BEA4 /* Pods_HabitPalette.framework in Frameworks */ = {isa = PBXBuildFile; fileRef = 13ECF35FCF9F9493328721B6 /* Pods_HabitPalette.framework */; };
		AE9AEC50264CF77400425423 /* AppDelegate.swift in Sources */ = {isa = PBXBuildFile; fileRef = AE9AEC4F264CF77400425423 /* AppDelegate.swift */; };
		AE9AEC52264CF77400425423 /* SceneDelegate.swift in Sources */ = {isa = PBXBuildFile; fileRef = AE9AEC51264CF77400425423 /* SceneDelegate.swift */; };
		AE9AEC54264CF77400425423 /* ViewController.swift in Sources */ = {isa = PBXBuildFile; fileRef = AE9AEC53264CF77400425423 /* ViewController.swift */; };
		AE9AEC59264CF77500425423 /* Assets.xcassets in Resources */ = {isa = PBXBuildFile; fileRef = AE9AEC58264CF77500425423 /* Assets.xcassets */; };
		AE9AEC5C264CF77500425423 /* LaunchScreen.storyboard in Resources */ = {isa = PBXBuildFile; fileRef = AE9AEC5A264CF77500425423 /* LaunchScreen.storyboard */; };
/* End PBXBuildFile section */

/* Begin PBXFileReference section */
		016ADDF127D1AA7300D13A10 /* AppBar.swift */ = {isa = PBXFileReference; lastKnownFileType = sourcecode.swift; path = AppBar.swift; sourceTree = "<group>"; };
		016ADDF327D1AA8600D13A10 /* BaseView.swift */ = {isa = PBXFileReference; lastKnownFileType = sourcecode.swift; path = BaseView.swift; sourceTree = "<group>"; };
		01F7C53227CFBE61001FFBF7 /* BaseViewController.swift */ = {isa = PBXFileReference; lastKnownFileType = sourcecode.swift; path = BaseViewController.swift; sourceTree = "<group>"; };
		01F7C53427CFC280001FFBF7 /* BaseCollectionViewCell.swift */ = {isa = PBXFileReference; lastKnownFileType = sourcecode.swift; path = BaseCollectionViewCell.swift; sourceTree = "<group>"; };
		13ECF35FCF9F9493328721B6 /* Pods_HabitPalette.framework */ = {isa = PBXFileReference; explicitFileType = wrapper.framework; includeInIndex = 0; path = Pods_HabitPalette.framework; sourceTree = BUILT_PRODUCTS_DIR; };
		854F670A46B3A84DCEC35AA7 /* Pods-HabitPalette.debug.xcconfig */ = {isa = PBXFileReference; includeInIndex = 1; lastKnownFileType = text.xcconfig; name = "Pods-HabitPalette.debug.xcconfig"; path = "Target Support Files/Pods-HabitPalette/Pods-HabitPalette.debug.xcconfig"; sourceTree = "<group>"; };
		AE9AEC4C264CF77400425423 /* HabitPalette.app */ = {isa = PBXFileReference; explicitFileType = wrapper.application; includeInIndex = 0; path = HabitPalette.app; sourceTree = BUILT_PRODUCTS_DIR; };
		AE9AEC4F264CF77400425423 /* AppDelegate.swift */ = {isa = PBXFileReference; lastKnownFileType = sourcecode.swift; path = AppDelegate.swift; sourceTree = "<group>"; };
		AE9AEC51264CF77400425423 /* SceneDelegate.swift */ = {isa = PBXFileReference; lastKnownFileType = sourcecode.swift; path = SceneDelegate.swift; sourceTree = "<group>"; };
		AE9AEC53264CF77400425423 /* ViewController.swift */ = {isa = PBXFileReference; lastKnownFileType = sourcecode.swift; path = ViewController.swift; sourceTree = "<group>"; };
		AE9AEC58264CF77500425423 /* Assets.xcassets */ = {isa = PBXFileReference; lastKnownFileType = folder.assetcatalog; path = Assets.xcassets; sourceTree = "<group>"; };
		AE9AEC5B264CF77500425423 /* Base */ = {isa = PBXFileReference; lastKnownFileType = file.storyboard; name = Base; path = Base.lproj/LaunchScreen.storyboard; sourceTree = "<group>"; };
		AE9AEC5D264CF77500425423 /* Info.plist */ = {isa = PBXFileReference; lastKnownFileType = text.plist.xml; name = Info.plist; path = "HabitPalette/Supporting Files/Info.plist"; sourceTree = SOURCE_ROOT; };
		E7903328AD150DAF980918D3 /* Pods-HabitPalette.release.xcconfig */ = {isa = PBXFileReference; includeInIndex = 1; lastKnownFileType = text.xcconfig; name = "Pods-HabitPalette.release.xcconfig"; path = "Target Support Files/Pods-HabitPalette/Pods-HabitPalette.release.xcconfig"; sourceTree = "<group>"; };
/* End PBXFileReference section */

/* Begin PBXFrameworksBuildPhase section */
		AE9AEC49264CF77400425423 /* Frameworks */ = {
			isa = PBXFrameworksBuildPhase;
			buildActionMask = 2147483647;
			files = (
				12D03B38494DC9C50BD7BEA4 /* Pods_HabitPalette.framework in Frameworks */,
			);
			runOnlyForDeploymentPostprocessing = 0;
		};
/* End PBXFrameworksBuildPhase section */

/* Begin PBXGroup section */
		0110A77527BFE91600434150 /* Util */ = {
			isa = PBXGroup;
			children = (
				016ADDF127D1AA7300D13A10 /* AppBar.swift */,
			);
			path = Util;
			sourceTree = "<group>";
		};
		0110A77627BFE93000434150 /* Model */ = {
			isa = PBXGroup;
			children = (
			);
			path = Model;
			sourceTree = "<group>";
		};
		01F7C53127CFBE4C001FFBF7 /* Base */ = {
			isa = PBXGroup;
			children = (
				01F7C53227CFBE61001FFBF7 /* BaseViewController.swift */,
				01F7C53427CFC280001FFBF7 /* BaseCollectionViewCell.swift */,
				016ADDF327D1AA8600D13A10 /* BaseView.swift */,
			);
			path = Base;
			sourceTree = "<group>";
		};
		779F025ED133D3EDE559BFAD /* Frameworks */ = {
			isa = PBXGroup;
			children = (
				13ECF35FCF9F9493328721B6 /* Pods_HabitPalette.framework */,
			);
			name = Frameworks;
			sourceTree = "<group>";
		};
		AE9AEC43264CF77400425423 = {
			isa = PBXGroup;
			children = (
				AE9AEC4E264CF77400425423 /* HabitPalette */,
				AE9AEC4D264CF77400425423 /* Products */,
				CCB2F2B313240508AE75C6ED /* Pods */,
				779F025ED133D3EDE559BFAD /* Frameworks */,
			);
			sourceTree = "<group>";
		};
		AE9AEC4D264CF77400425423 /* Products */ = {
			isa = PBXGroup;
			children = (
				AE9AEC4C264CF77400425423 /* HabitPalette.app */,
			);
			name = Products;
			sourceTree = "<group>";
		};
		AE9AEC4E264CF77400425423 /* HabitPalette */ = {
			isa = PBXGroup;
			children = (
				01F7C53127CFBE4C001FFBF7 /* Base */,
				0110A77527BFE91600434150 /* Util */,
				0110A77627BFE93000434150 /* Model */,
				AE9AEC66264CF7D700425423 /* Resource */,
				AE9AEC67264CF7EB00425423 /* Screen */,
				AE9AEC65264CF7B800425423 /* Supporting Files */,
			);
			path = HabitPalette;
			sourceTree = "<group>";
		};
		AE9AEC65264CF7B800425423 /* Supporting Files */ = {
			isa = PBXGroup;
			children = (
				AE9AEC4F264CF77400425423 /* AppDelegate.swift */,
				AE9AEC51264CF77400425423 /* SceneDelegate.swift */,
				AE9AEC5D264CF77500425423 /* Info.plist */,
			);
			path = "Supporting Files";
			sourceTree = "<group>";
		};
		AE9AEC66264CF7D700425423 /* Resource */ = {
			isa = PBXGroup;
			children = (
				AE9AEC58264CF77500425423 /* Assets.xcassets */,
			);
			path = Resource;
			sourceTree = "<group>";
		};
		AE9AEC67264CF7EB00425423 /* Screen */ = {
			isa = PBXGroup;
			children = (
				AE9AEC5A264CF77500425423 /* LaunchScreen.storyboard */,
				AE9AEC53264CF77400425423 /* ViewController.swift */,
			);
			path = Screen;
			sourceTree = "<group>";
		};
		CCB2F2B313240508AE75C6ED /* Pods */ = {
			isa = PBXGroup;
			children = (
				854F670A46B3A84DCEC35AA7 /* Pods-HabitPalette.debug.xcconfig */,
				E7903328AD150DAF980918D3 /* Pods-HabitPalette.release.xcconfig */,
			);
			path = Pods;
			sourceTree = "<group>";
		};
/* End PBXGroup section */

/* Begin PBXNativeTarget section */
		AE9AEC4B264CF77400425423 /* HabitPalette */ = {
			isa = PBXNativeTarget;
			buildConfigurationList = AE9AEC60264CF77500425423 /* Build configuration list for PBXNativeTarget "HabitPalette" */;
			buildPhases = (
				20A44AC08F58C561062B61F5 /* [CP] Check Pods Manifest.lock */,
				AE9AEC48264CF77400425423 /* Sources */,
				AE9AEC49264CF77400425423 /* Frameworks */,
				AE9AEC4A264CF77400425423 /* Resources */,
				E44E05A0FADBE0F2B4C48511 /* [CP] Embed Pods Frameworks */,
			);
			buildRules = (
			);
			dependencies = (
			);
			name = HabitPalette;
			productName = HabitPalette;
			productReference = AE9AEC4C264CF77400425423 /* HabitPalette.app */;
			productType = "com.apple.product-type.application";
		};
/* End PBXNativeTarget section */

/* Begin PBXProject section */
		AE9AEC44264CF77400425423 /* Project object */ = {
			isa = PBXProject;
			attributes = {
				LastSwiftUpdateCheck = 1240;
				LastUpgradeCheck = 1240;
				TargetAttributes = {
					AE9AEC4B264CF77400425423 = {
						CreatedOnToolsVersion = 12.4;
					};
				};
			};
			buildConfigurationList = AE9AEC47264CF77400425423 /* Build configuration list for PBXProject "HabitPalette" */;
			compatibilityVersion = "Xcode 9.3";
			developmentRegion = en;
			hasScannedForEncodings = 0;
			knownRegions = (
				en,
				Base,
			);
			mainGroup = AE9AEC43264CF77400425423;
			productRefGroup = AE9AEC4D264CF77400425423 /* Products */;
			projectDirPath = "";
			projectRoot = "";
			targets = (
				AE9AEC4B264CF77400425423 /* HabitPalette */,
			);
		};
/* End PBXProject section */

/* Begin PBXResourcesBuildPhase section */
		AE9AEC4A264CF77400425423 /* Resources */ = {
			isa = PBXResourcesBuildPhase;
			buildActionMask = 2147483647;
			files = (
				AE9AEC5C264CF77500425423 /* LaunchScreen.storyboard in Resources */,
				AE9AEC59264CF77500425423 /* Assets.xcassets in Resources */,
			);
			runOnlyForDeploymentPostprocessing = 0;
		};
/* End PBXResourcesBuildPhase section */

/* Begin PBXShellScriptBuildPhase section */
		20A44AC08F58C561062B61F5 /* [CP] Check Pods Manifest.lock */ = {
			isa = PBXShellScriptBuildPhase;
			buildActionMask = 2147483647;
			files = (
			);
			inputFileListPaths = (
			);
			inputPaths = (
				"${PODS_PODFILE_DIR_PATH}/Podfile.lock",
				"${PODS_ROOT}/Manifest.lock",
			);
			name = "[CP] Check Pods Manifest.lock";
			outputFileListPaths = (
			);
			outputPaths = (
				"$(DERIVED_FILE_DIR)/Pods-HabitPalette-checkManifestLockResult.txt",
			);
			runOnlyForDeploymentPostprocessing = 0;
			shellPath = /bin/sh;
			shellScript = "diff \"${PODS_PODFILE_DIR_PATH}/Podfile.lock\" \"${PODS_ROOT}/Manifest.lock\" > /dev/null\nif [ $? != 0 ] ; then\n    # print error to STDERR\n    echo \"error: The sandbox is not in sync with the Podfile.lock. Run 'pod install' or update your CocoaPods installation.\" >&2\n    exit 1\nfi\n# This output is used by Xcode 'outputs' to avoid re-running this script phase.\necho \"SUCCESS\" > \"${SCRIPT_OUTPUT_FILE_0}\"\n";
			showEnvVarsInLog = 0;
		};
		E44E05A0FADBE0F2B4C48511 /* [CP] Embed Pods Frameworks */ = {
			isa = PBXShellScriptBuildPhase;
			buildActionMask = 2147483647;
			files = (
			);
			inputFileListPaths = (
				"${PODS_ROOT}/Target Support Files/Pods-HabitPalette/Pods-HabitPalette-frameworks-${CONFIGURATION}-input-files.xcfilelist",
			);
			name = "[CP] Embed Pods Frameworks";
			outputFileListPaths = (
				"${PODS_ROOT}/Target Support Files/Pods-HabitPalette/Pods-HabitPalette-frameworks-${CONFIGURATION}-output-files.xcfilelist",
			);
			runOnlyForDeploymentPostprocessing = 0;
			shellPath = /bin/sh;
			shellScript = "\"${PODS_ROOT}/Target Support Files/Pods-HabitPalette/Pods-HabitPalette-frameworks.sh\"\n";
			showEnvVarsInLog = 0;
		};
/* End PBXShellScriptBuildPhase section */

/* Begin PBXSourcesBuildPhase section */
		AE9AEC48264CF77400425423 /* Sources */ = {
			isa = PBXSourcesBuildPhase;
			buildActionMask = 2147483647;
			files = (
				01F7C53527CFC280001FFBF7 /* BaseCollectionViewCell.swift in Sources */,
				AE9AEC54264CF77400425423 /* ViewController.swift in Sources */,
				01F7C53327CFBE61001FFBF7 /* BaseViewController.swift in Sources */,
				AE9AEC50264CF77400425423 /* AppDelegate.swift in Sources */,
				016ADDF427D1AA8600D13A10 /* BaseView.swift in Sources */,
				AE9AEC52264CF77400425423 /* SceneDelegate.swift in Sources */,
				016ADDF227D1AA7300D13A10 /* AppBar.swift in Sources */,
			);
			runOnlyForDeploymentPostprocessing = 0;
		};
/* End PBXSourcesBuildPhase section */

/* Begin PBXVariantGroup section */
		AE9AEC5A264CF77500425423 /* LaunchScreen.storyboard */ = {
			isa = PBXVariantGroup;
			children = (
				AE9AEC5B264CF77500425423 /* Base */,
			);
			name = LaunchScreen.storyboard;
			sourceTree = "<group>";
		};
/* End PBXVariantGroup section */

/* Begin XCBuildConfiguration section */
		AE9AEC5E264CF77500425423 /* Debug */ = {
			isa = XCBuildConfiguration;
			buildSettings = {
				ALWAYS_SEARCH_USER_PATHS = NO;
				CLANG_ANALYZER_NONNULL = YES;
				CLANG_ANALYZER_NUMBER_OBJECT_CONVERSION = YES_AGGRESSIVE;
				CLANG_CXX_LANGUAGE_STANDARD = "gnu++14";
				CLANG_CXX_LIBRARY = "libc++";
				CLANG_ENABLE_MODULES = YES;
				CLANG_ENABLE_OBJC_ARC = YES;
				CLANG_ENABLE_OBJC_WEAK = YES;
				CLANG_WARN_BLOCK_CAPTURE_AUTORELEASING = YES;
				CLANG_WARN_BOOL_CONVERSION = YES;
				CLANG_WARN_COMMA = YES;
				CLANG_WARN_CONSTANT_CONVERSION = YES;
				CLANG_WARN_DEPRECATED_OBJC_IMPLEMENTATIONS = YES;
				CLANG_WARN_DIRECT_OBJC_ISA_USAGE = YES_ERROR;
				CLANG_WARN_DOCUMENTATION_COMMENTS = YES;
				CLANG_WARN_EMPTY_BODY = YES;
				CLANG_WARN_ENUM_CONVERSION = YES;
				CLANG_WARN_INFINITE_RECURSION = YES;
				CLANG_WARN_INT_CONVERSION = YES;
				CLANG_WARN_NON_LITERAL_NULL_CONVERSION = YES;
				CLANG_WARN_OBJC_IMPLICIT_RETAIN_SELF = YES;
				CLANG_WARN_OBJC_LITERAL_CONVERSION = YES;
				CLANG_WARN_OBJC_ROOT_CLASS = YES_ERROR;
				CLANG_WARN_QUOTED_INCLUDE_IN_FRAMEWORK_HEADER = YES;
				CLANG_WARN_RANGE_LOOP_ANALYSIS = YES;
				CLANG_WARN_STRICT_PROTOTYPES = YES;
				CLANG_WARN_SUSPICIOUS_MOVE = YES;
				CLANG_WARN_UNGUARDED_AVAILABILITY = YES_AGGRESSIVE;
				CLANG_WARN_UNREACHABLE_CODE = YES;
				CLANG_WARN__DUPLICATE_METHOD_MATCH = YES;
				COPY_PHASE_STRIP = NO;
				DEBUG_INFORMATION_FORMAT = dwarf;
				ENABLE_STRICT_OBJC_MSGSEND = YES;
				ENABLE_TESTABILITY = YES;
				GCC_C_LANGUAGE_STANDARD = gnu11;
				GCC_DYNAMIC_NO_PIC = NO;
				GCC_NO_COMMON_BLOCKS = YES;
				GCC_OPTIMIZATION_LEVEL = 0;
				GCC_PREPROCESSOR_DEFINITIONS = (
					"DEBUG=1",
					"$(inherited)",
				);
				GCC_WARN_64_TO_32_BIT_CONVERSION = YES;
				GCC_WARN_ABOUT_RETURN_TYPE = YES_ERROR;
				GCC_WARN_UNDECLARED_SELECTOR = YES;
				GCC_WARN_UNINITIALIZED_AUTOS = YES_AGGRESSIVE;
				GCC_WARN_UNUSED_FUNCTION = YES;
				GCC_WARN_UNUSED_VARIABLE = YES;
				IPHONEOS_DEPLOYMENT_TARGET = 14.4;
				MTL_ENABLE_DEBUG_INFO = INCLUDE_SOURCE;
				MTL_FAST_MATH = YES;
				ONLY_ACTIVE_ARCH = YES;
				SDKROOT = iphoneos;
				SWIFT_ACTIVE_COMPILATION_CONDITIONS = DEBUG;
				SWIFT_OPTIMIZATION_LEVEL = "-Onone";
			};
			name = Debug;
		};
		AE9AEC5F264CF77500425423 /* Release */ = {
			isa = XCBuildConfiguration;
			buildSettings = {
				ALWAYS_SEARCH_USER_PATHS = NO;
				CLANG_ANALYZER_NONNULL = YES;
				CLANG_ANALYZER_NUMBER_OBJECT_CONVERSION = YES_AGGRESSIVE;
				CLANG_CXX_LANGUAGE_STANDARD = "gnu++14";
				CLANG_CXX_LIBRARY = "libc++";
				CLANG_ENABLE_MODULES = YES;
				CLANG_ENABLE_OBJC_ARC = YES;
				CLANG_ENABLE_OBJC_WEAK = YES;
				CLANG_WARN_BLOCK_CAPTURE_AUTORELEASING = YES;
				CLANG_WARN_BOOL_CONVERSION = YES;
				CLANG_WARN_COMMA = YES;
				CLANG_WARN_CONSTANT_CONVERSION = YES;
				CLANG_WARN_DEPRECATED_OBJC_IMPLEMENTATIONS = YES;
				CLANG_WARN_DIRECT_OBJC_ISA_USAGE = YES_ERROR;
				CLANG_WARN_DOCUMENTATION_COMMENTS = YES;
				CLANG_WARN_EMPTY_BODY = YES;
				CLANG_WARN_ENUM_CONVERSION = YES;
				CLANG_WARN_INFINITE_RECURSION = YES;
				CLANG_WARN_INT_CONVERSION = YES;
				CLANG_WARN_NON_LITERAL_NULL_CONVERSION = YES;
				CLANG_WARN_OBJC_IMPLICIT_RETAIN_SELF = YES;
				CLANG_WARN_OBJC_LITERAL_CONVERSION = YES;
				CLANG_WARN_OBJC_ROOT_CLASS = YES_ERROR;
				CLANG_WARN_QUOTED_INCLUDE_IN_FRAMEWORK_HEADER = YES;
				CLANG_WARN_RANGE_LOOP_ANALYSIS = YES;
				CLANG_WARN_STRICT_PROTOTYPES = YES;
				CLANG_WARN_SUSPICIOUS_MOVE = YES;
				CLANG_WARN_UNGUARDED_AVAILABILITY = YES_AGGRESSIVE;
				CLANG_WARN_UNREACHABLE_CODE = YES;
				CLANG_WARN__DUPLICATE_METHOD_MATCH = YES;
				COPY_PHASE_STRIP = NO;
				DEBUG_INFORMATION_FORMAT = "dwarf-with-dsym";
				ENABLE_NS_ASSERTIONS = NO;
				ENABLE_STRICT_OBJC_MSGSEND = YES;
				GCC_C_LANGUAGE_STANDARD = gnu11;
				GCC_NO_COMMON_BLOCKS = YES;
				GCC_WARN_64_TO_32_BIT_CONVERSION = YES;
				GCC_WARN_ABOUT_RETURN_TYPE = YES_ERROR;
				GCC_WARN_UNDECLARED_SELECTOR = YES;
				GCC_WARN_UNINITIALIZED_AUTOS = YES_AGGRESSIVE;
				GCC_WARN_UNUSED_FUNCTION = YES;
				GCC_WARN_UNUSED_VARIABLE = YES;
				IPHONEOS_DEPLOYMENT_TARGET = 14.4;
				MTL_ENABLE_DEBUG_INFO = NO;
				MTL_FAST_MATH = YES;
				SDKROOT = iphoneos;
				SWIFT_COMPILATION_MODE = wholemodule;
				SWIFT_OPTIMIZATION_LEVEL = "-O";
				VALIDATE_PRODUCT = YES;
			};
			name = Release;
		};
		AE9AEC61264CF77500425423 /* Debug */ = {
			isa = XCBuildConfiguration;
			baseConfigurationReference = 854F670A46B3A84DCEC35AA7 /* Pods-HabitPalette.debug.xcconfig */;
			buildSettings = {
				ASSETCATALOG_COMPILER_APPICON_NAME = AppIcon;
				ASSETCATALOG_COMPILER_GLOBAL_ACCENT_COLOR_NAME = AccentColor;
				CODE_SIGN_STYLE = Automatic;
				DEVELOPMENT_TEAM = 7UU57B563T;
				INFOPLIST_FILE = "HabitPalette/Supporting Files/Info.plist";
				LD_RUNPATH_SEARCH_PATHS = (
					"$(inherited)",
					"@executable_path/Frameworks",
				);
				PRODUCT_BUNDLE_IDENTIFIER = eunji.lim.HabitPalette;
				PRODUCT_NAME = "$(TARGET_NAME)";
				SWIFT_VERSION = 5.0;
				TARGETED_DEVICE_FAMILY = "1,2";
			};
			name = Debug;
		};
		AE9AEC62264CF77500425423 /* Release */ = {
			isa = XCBuildConfiguration;
			baseConfigurationReference = E7903328AD150DAF980918D3 /* Pods-HabitPalette.release.xcconfig */;
			buildSettings = {
				ASSETCATALOG_COMPILER_APPICON_NAME = AppIcon;
				ASSETCATALOG_COMPILER_GLOBAL_ACCENT_COLOR_NAME = AccentColor;
				CODE_SIGN_STYLE = Automatic;
				DEVELOPMENT_TEAM = 7UU57B563T;
				INFOPLIST_FILE = "HabitPalette/Supporting Files/Info.plist";
				LD_RUNPATH_SEARCH_PATHS = (
					"$(inherited)",
					"@executable_path/Frameworks",
				);
				PRODUCT_BUNDLE_IDENTIFIER = eunji.lim.HabitPalette;
				PRODUCT_NAME = "$(TARGET_NAME)";
				SWIFT_VERSION = 5.0;
				TARGETED_DEVICE_FAMILY = "1,2";
			};
			name = Release;
		};
/* End XCBuildConfiguration section */

/* Begin XCConfigurationList section */
		AE9AEC47264CF77400425423 /* Build configuration list for PBXProject "HabitPalette" */ = {
			isa = XCConfigurationList;
			buildConfigurations = (
				AE9AEC5E264CF77500425423 /* Debug */,
				AE9AEC5F264CF77500425423 /* Release */,
			);
			defaultConfigurationIsVisible = 0;
			defaultConfigurationName = Release;
		};
		AE9AEC60264CF77500425423 /* Build configuration list for PBXNativeTarget "HabitPalette" */ = {
			isa = XCConfigurationList;
			buildConfigurations = (
				AE9AEC61264CF77500425423 /* Debug */,
				AE9AEC62264CF77500425423 /* Release */,
			);
			defaultConfigurationIsVisible = 0;
			defaultConfigurationName = Release;
		};
/* End XCConfigurationList section */
	};
	rootObject = AE9AEC44264CF77400425423 /* Project object */;
}
